
Microsoft Visual Studio Solution File, Format Version 12.00
# Visual Studio Version 17
VisualStudioVersion = 17.0.31808.319
MinimumVisualStudioVersion = 10.0.40219.1
Project("{9A19103F-16F7-4668-BE54-9A1E7A4F7556}") = "Tests", "Tests\Tests.csproj", "{117F0B9B-6228-4EBF-A351-64AE5AD36BF7}"
EndProject
Project("{9A19103F-16F7-4668-BE54-9A1E7A4F7556}") = "PowerBot.Lite", "PowerBot.Light\PowerBot.Lite.csproj", "{76D88E3B-CA12-4507-AA52-65765A5D0CCE}"
EndProject
Global
	GlobalSection(SolutionConfigurationPlatforms) = preSolution
		Debug|Any CPU = Debug|Any CPU
		Release|Any CPU = Release|Any CPU
	EndGlobalSection
	GlobalSection(ProjectConfigurationPlatforms) = postSolution
		{117F0B9B-6228-4EBF-A351-64AE5AD36BF7}.Debug|Any CPU.ActiveCfg = Debug|Any CPU
		{117F0B9B-6228-4EBF-A351-64AE5AD36BF7}.Debug|Any CPU.Build.0 = Debug|Any CPU
		{117F0B9B-6228-4EBF-A351-64AE5AD36BF7}.Release|Any CPU.ActiveCfg = Release|Any CPU
		{117F0B9B-6228-4EBF-A351-64AE5AD36BF7}.Release|Any CPU.Build.0 = Release|Any CPU
		{76D88E3B-CA12-4507-AA52-65765A5D0CCE}.Debug|Any CPU.ActiveCfg = Debug|Any CPU
		{76D88E3B-CA12-4507-AA52-65765A5D0CCE}.Debug|Any CPU.Build.0 = Debug|Any CPU
		{76D88E3B-CA12-4507-AA52-65765A5D0CCE}.Release|Any CPU.ActiveCfg = Release|Any CPU
		{76D88E3B-CA12-4507-AA52-65765A5D0CCE}.Release|Any CPU.Build.0 = Release|Any CPU
	EndGlobalSection
	GlobalSection(SolutionProperties) = preSolution
		HideSolutionNode = FALSE
	EndGlobalSection
	GlobalSection(ExtensibilityGlobals) = postSolution
		SolutionGuid = {B8619CE8-29BB-4AA5-9713-28E271AABC46}
	EndGlobalSection
EndGlobal
